
Microsoft Visual Studio Solution File, Format Version 12.00
# Visual Studio Version 16
VisualStudioVersion = 16.0.31129.286
MinimumVisualStudioVersion = 10.0.40219.1
Project("{FAE04EC0-301F-11D3-BF4B-00C04F79EFBC}") = "InstitutoEnsinoSuperior", "InstituoEnsinoSuperior\InstitutoEnsinoSuperior.csproj", "{9FE160FB-F4B2-47BB-A856-B6C7A906903E}"
EndProject
Global
	GlobalSection(SolutionConfigurationPlatforms) = preSolution
		Debug|Any CPU = Debug|Any CPU
		Release|Any CPU = Release|Any CPU
	EndGlobalSection
	GlobalSection(ProjectConfigurationPlatforms) = postSolution
		{9FE160FB-F4B2-47BB-A856-B6C7A906903E}.Debug|Any CPU.ActiveCfg = Debug|Any CPU
		{9FE160FB-F4B2-47BB-A856-B6C7A906903E}.Debug|Any CPU.Build.0 = Debug|Any CPU
		{9FE160FB-F4B2-47BB-A856-B6C7A906903E}.Release|Any CPU.ActiveCfg = Release|Any CPU
		{9FE160FB-F4B2-47BB-A856-B6C7A906903E}.Release|Any CPU.Build.0 = Release|Any CPU
	EndGlobalSection
	GlobalSection(SolutionProperties) = preSolution
		HideSolutionNode = FALSE
	EndGlobalSection
	GlobalSection(ExtensibilityGlobals) = postSolution
		SolutionGuid = {26BAF9F9-63B8-42AB-AA3C-1D5568C73D2C}
	EndGlobalSection
EndGlobal
